// !$*UTF8*$!
{
	archiveVersion = 1;
	classes = {
	};
	objectVersion = 55;
	objects = {

/* Begin PBXBuildFile section */
		E9F56FEB27E2DFDE00844544 /* AppDelegate.m in Sources */ = {isa = PBXBuildFile; fileRef = E9F56FEA27E2DFDE00844544 /* AppDelegate.m */; };
		E9F56FEE27E2DFDE00844544 /* SceneDelegate.m in Sources */ = {isa = PBXBuildFile; fileRef = E9F56FED27E2DFDE00844544 /* SceneDelegate.m */; };
		E9F56FF127E2DFDE00844544 /* ViewController.m in Sources */ = {isa = PBXBuildFile; fileRef = E9F56FF027E2DFDE00844544 /* ViewController.m */; };
		E9F56FF427E2DFDE00844544 /* Main.storyboard in Resources */ = {isa = PBXBuildFile; fileRef = E9F56FF227E2DFDE00844544 /* Main.storyboard */; };
		E9F56FF627E2DFE000844544 /* Assets.xcassets in Resources */ = {isa = PBXBuildFile; fileRef = E9F56FF527E2DFE000844544 /* Assets.xcassets */; };
		E9F56FF927E2DFE000844544 /* LaunchScreen.storyboard in Resources */ = {isa = PBXBuildFile; fileRef = E9F56FF727E2DFE000844544 /* LaunchScreen.storyboard */; };
		E9F56FFC27E2DFE000844544 /* main.m in Sources */ = {isa = PBXBuildFile; fileRef = E9F56FFB27E2DFE000844544 /* main.m */; };
		E9F5700C27E2E00000844544 /* NSURLResponse+DoggerMonitor.m in Sources */ = {isa = PBXBuildFile; fileRef = E9F5700227E2DFFF00844544 /* NSURLResponse+DoggerMonitor.m */; };
		E9F5700D27E2E00000844544 /* NetworkTrafficLog.m in Sources */ = {isa = PBXBuildFile; fileRef = E9F5700327E2DFFF00844544 /* NetworkTrafficLog.m */; };
		E9F5700E27E2E00000844544 /* CustomURLProtocol.m in Sources */ = {isa = PBXBuildFile; fileRef = E9F5700627E2DFFF00844544 /* CustomURLProtocol.m */; };
		E9F5700F27E2E00000844544 /* CustomURLSessionConfiguration.m in Sources */ = {isa = PBXBuildFile; fileRef = E9F5700727E2DFFF00844544 /* CustomURLSessionConfiguration.m */; };
		E9F5701027E2E00000844544 /* CustomNetworkTrafficManager.m in Sources */ = {isa = PBXBuildFile; fileRef = E9F5700827E2DFFF00844544 /* CustomNetworkTrafficManager.m */; };
/* End PBXBuildFile section */

/* Begin PBXFileReference section */
		E9F56FE627E2DFDE00844544 /* NetworkTrafficLog.app */ = {isa = PBXFileReference; explicitFileType = wrapper.application; includeInIndex = 0; path = NetworkTrafficLog.app; sourceTree = BUILT_PRODUCTS_DIR; };
		E9F56FE927E2DFDE00844544 /* AppDelegate.h */ = {isa = PBXFileReference; lastKnownFileType = sourcecode.c.h; path = AppDelegate.h; sourceTree = "<group>"; };
		E9F56FEA27E2DFDE00844544 /* AppDelegate.m */ = {isa = PBXFileReference; lastKnownFileType = sourcecode.c.objc; path = AppDelegate.m; sourceTree = "<group>"; };
		E9F56FEC27E2DFDE00844544 /* SceneDelegate.h */ = {isa = PBXFileReference; lastKnownFileType = sourcecode.c.h; path = SceneDelegate.h; sourceTree = "<group>"; };
		E9F56FED27E2DFDE00844544 /* SceneDelegate.m */ = {isa = PBXFileReference; lastKnownFileType = sourcecode.c.objc; path = SceneDelegate.m; sourceTree = "<group>"; };
		E9F56FEF27E2DFDE00844544 /* ViewController.h */ = {isa = PBXFileReference; lastKnownFileType = sourcecode.c.h; path = ViewController.h; sourceTree = "<group>"; };
		E9F56FF027E2DFDE00844544 /* ViewController.m */ = {isa = PBXFileReference; lastKnownFileType = sourcecode.c.objc; path = ViewController.m; sourceTree = "<group>"; };
		E9F56FF327E2DFDE00844544 /* Base */ = {isa = PBXFileReference; lastKnownFileType = file.storyboard; name = Base; path = Base.lproj/Main.storyboard; sourceTree = "<group>"; };
		E9F56FF527E2DFE000844544 /* Assets.xcassets */ = {isa = PBXFileReference; lastKnownFileType = folder.assetcatalog; path = Assets.xcassets; sourceTree = "<group>"; };
		E9F56FF827E2DFE000844544 /* Base */ = {isa = PBXFileReference; lastKnownFileType = file.storyboard; name = Base; path = Base.lproj/LaunchScreen.storyboard; sourceTree = "<group>"; };
		E9F56FFA27E2DFE000844544 /* Info.plist */ = {isa = PBXFileReference; lastKnownFileType = text.plist.xml; path = Info.plist; sourceTree = "<group>"; };
		E9F56FFB27E2DFE000844544 /* main.m */ = {isa = PBXFileReference; lastKnownFileType = sourcecode.c.objc; path = main.m; sourceTree = "<group>"; };
		E9F5700227E2DFFF00844544 /* NSURLResponse+DoggerMonitor.m */ = {isa = PBXFileReference; fileEncoding = 4; lastKnownFileType = sourcecode.c.objc; path = "NSURLResponse+DoggerMonitor.m"; sourceTree = "<group>"; };
		E9F5700327E2DFFF00844544 /* NetworkTrafficLog.m */ = {isa = PBXFileReference; fileEncoding = 4; lastKnownFileType = sourcecode.c.objc; path = NetworkTrafficLog.m; sourceTree = "<group>"; };
		E9F5700427E2DFFF00844544 /* CustomURLSessionConfiguration.h */ = {isa = PBXFileReference; fileEncoding = 4; lastKnownFileType = sourcecode.c.h; path = CustomURLSessionConfiguration.h; sourceTree = "<group>"; };
		E9F5700527E2DFFF00844544 /* CustomNetworkTrafficManager.h */ = {isa = PBXFileReference; fileEncoding = 4; lastKnownFileType = sourcecode.c.h; path = CustomNetworkTrafficManager.h; sourceTree = "<group>"; };
		E9F5700627E2DFFF00844544 /* CustomURLProtocol.m */ = {isa = PBXFileReference; fileEncoding = 4; lastKnownFileType = sourcecode.c.objc; path = CustomURLProtocol.m; sourceTree = "<group>"; };
		E9F5700727E2DFFF00844544 /* CustomURLSessionConfiguration.m */ = {isa = PBXFileReference; fileEncoding = 4; lastKnownFileType = sourcecode.c.objc; path = CustomURLSessionConfiguration.m; sourceTree = "<group>"; };
		E9F5700827E2DFFF00844544 /* CustomNetworkTrafficManager.m */ = {isa = PBXFileReference; fileEncoding = 4; lastKnownFileType = sourcecode.c.objc; path = CustomNetworkTrafficManager.m; sourceTree = "<group>"; };
		E9F5700927E2DFFF00844544 /* CustomURLProtocol.h */ = {isa = PBXFileReference; fileEncoding = 4; lastKnownFileType = sourcecode.c.h; path = CustomURLProtocol.h; sourceTree = "<group>"; };
		E9F5700A27E2DFFF00844544 /* NSURLResponse+DoggerMonitor.h */ = {isa = PBXFileReference; fileEncoding = 4; lastKnownFileType = sourcecode.c.h; path = "NSURLResponse+DoggerMonitor.h"; sourceTree = "<group>"; };
		E9F5700B27E2E00000844544 /* NetworkTrafficLog.h */ = {isa = PBXFileReference; fileEncoding = 4; lastKnownFileType = sourcecode.c.h; path = NetworkTrafficLog.h; sourceTree = "<group>"; };
/* End PBXFileReference section */

/* Begin PBXFrameworksBuildPhase section */
		E9F56FE327E2DFDE00844544 /* Frameworks */ = {
			isa = PBXFrameworksBuildPhase;
			buildActionMask = 2147483647;
			files = (
			);
			runOnlyForDeploymentPostprocessing = 0;
		};
/* End PBXFrameworksBuildPhase section */

/* Begin PBXGroup section */
		E9F56FDD27E2DFDD00844544 = {
			isa = PBXGroup;
			children = (
				E9F56FE827E2DFDE00844544 /* NetworkTrafficLog */,
				E9F56FE727E2DFDE00844544 /* Products */,
			);
			sourceTree = "<group>";
		};
		E9F56FE727E2DFDE00844544 /* Products */ = {
			isa = PBXGroup;
			children = (
				E9F56FE627E2DFDE00844544 /* NetworkTrafficLog.app */,
			);
			name = Products;
			sourceTree = "<group>";
		};
		E9F56FE827E2DFDE00844544 /* NetworkTrafficLog */ = {
			isa = PBXGroup;
			children = (
				E9F5701127E2E00300844544 /* SupportingFiles */,
				E9F5700527E2DFFF00844544 /* CustomNetworkTrafficManager.h */,
				E9F5700827E2DFFF00844544 /* CustomNetworkTrafficManager.m */,
				E9F5700927E2DFFF00844544 /* CustomURLProtocol.h */,
				E9F5700627E2DFFF00844544 /* CustomURLProtocol.m */,
				E9F5700427E2DFFF00844544 /* CustomURLSessionConfiguration.h */,
				E9F5700727E2DFFF00844544 /* CustomURLSessionConfiguration.m */,
				E9F5700B27E2E00000844544 /* NetworkTrafficLog.h */,
				E9F5700327E2DFFF00844544 /* NetworkTrafficLog.m */,
				E9F5700A27E2DFFF00844544 /* NSURLResponse+DoggerMonitor.h */,
				E9F5700227E2DFFF00844544 /* NSURLResponse+DoggerMonitor.m */,
				E9F56FEF27E2DFDE00844544 /* ViewController.h */,
				E9F56FF027E2DFDE00844544 /* ViewController.m */,
				E9F56FFA27E2DFE000844544 /* Info.plist */,
			);
			path = NetworkTrafficLog;
			sourceTree = "<group>";
		};
		E9F5701127E2E00300844544 /* SupportingFiles */ = {
			isa = PBXGroup;
			children = (
				E9F56FE927E2DFDE00844544 /* AppDelegate.h */,
				E9F56FEA27E2DFDE00844544 /* AppDelegate.m */,
				E9F56FEC27E2DFDE00844544 /* SceneDelegate.h */,
				E9F56FED27E2DFDE00844544 /* SceneDelegate.m */,
				E9F56FF227E2DFDE00844544 /* Main.storyboard */,
				E9F56FF527E2DFE000844544 /* Assets.xcassets */,
				E9F56FF727E2DFE000844544 /* LaunchScreen.storyboard */,
				E9F56FFB27E2DFE000844544 /* main.m */,
			);
			path = SupportingFiles;
			sourceTree = "<group>";
		};
/* End PBXGroup section */

/* Begin PBXNativeTarget section */
		E9F56FE527E2DFDE00844544 /* NetworkTrafficLog */ = {
			isa = PBXNativeTarget;
			buildConfigurationList = E9F56FFF27E2DFE000844544 /* Build configuration list for PBXNativeTarget "NetworkTrafficLog" */;
			buildPhases = (
				E9F56FE227E2DFDE00844544 /* Sources */,
				E9F56FE327E2DFDE00844544 /* Frameworks */,
				E9F56FE427E2DFDE00844544 /* Resources */,
			);
			buildRules = (
			);
			dependencies = (
			);
			name = NetworkTrafficLog;
			productName = NetworkTrafficLog;
			productReference = E9F56FE627E2DFDE00844544 /* NetworkTrafficLog.app */;
			productType = "com.apple.product-type.application";
		};
/* End PBXNativeTarget section */

/* Begin PBXProject section */
		E9F56FDE27E2DFDD00844544 /* Project object */ = {
			isa = PBXProject;
			attributes = {
				BuildIndependentTargetsInParallel = 1;
				LastUpgradeCheck = 1330;
				TargetAttributes = {
					E9F56FE527E2DFDE00844544 = {
						CreatedOnToolsVersion = 13.3;
					};
				};
			};
			buildConfigurationList = E9F56FE127E2DFDD00844544 /* Build configuration list for PBXProject "NetworkTrafficLog" */;
			compatibilityVersion = "Xcode 13.0";
			developmentRegion = en;
			hasScannedForEncodings = 0;
			knownRegions = (
				en,
				Base,
			);
			mainGroup = E9F56FDD27E2DFDD00844544;
			productRefGroup = E9F56FE727E2DFDE00844544 /* Products */;
			projectDirPath = "";
			projectRoot = "";
			targets = (
				E9F56FE527E2DFDE00844544 /* NetworkTrafficLog */,
			);
		};
/* End PBXProject section */

/* Begin PBXResourcesBuildPhase section */
		E9F56FE427E2DFDE00844544 /* Resources */ = {
			isa = PBXResourcesBuildPhase;
			buildActionMask = 2147483647;
			files = (
				E9F56FF927E2DFE000844544 /* LaunchScreen.storyboard in Resources */,
				E9F56FF627E2DFE000844544 /* Assets.xcassets in Resources */,
				E9F56FF427E2DFDE00844544 /* Main.storyboard in Resources */,
			);
			runOnlyForDeploymentPostprocessing = 0;
		};
/* End PBXResourcesBuildPhase section */

/* Begin PBXSourcesBuildPhase section */
		E9F56FE227E2DFDE00844544 /* Sources */ = {
			isa = PBXSourcesBuildPhase;
			buildActionMask = 2147483647;
			files = (
				E9F56FF127E2DFDE00844544 /* ViewController.m in Sources */,
				E9F56FEB27E2DFDE00844544 /* AppDelegate.m in Sources */,
				E9F5701027E2E00000844544 /* CustomNetworkTrafficManager.m in Sources */,
				E9F5700E27E2E00000844544 /* CustomURLProtocol.m in Sources */,
				E9F56FFC27E2DFE000844544 /* main.m in Sources */,
				E9F5700F27E2E00000844544 /* CustomURLSessionConfiguration.m in Sources */,
				E9F56FEE27E2DFDE00844544 /* SceneDelegate.m in Sources */,
				E9F5700C27E2E00000844544 /* NSURLResponse+DoggerMonitor.m in Sources */,
				E9F5700D27E2E00000844544 /* NetworkTrafficLog.m in Sources */,
			);
			runOnlyForDeploymentPostprocessing = 0;
		};
/* End PBXSourcesBuildPhase section */

/* Begin PBXVariantGroup section */
		E9F56FF227E2DFDE00844544 /* Main.storyboard */ = {
			isa = PBXVariantGroup;
			children = (
				E9F56FF327E2DFDE00844544 /* Base */,
			);
			name = Main.storyboard;
			sourceTree = "<group>";
		};
		E9F56FF727E2DFE000844544 /* LaunchScreen.storyboard */ = {
			isa = PBXVariantGroup;
			children = (
				E9F56FF827E2DFE000844544 /* Base */,
			);
			name = LaunchScreen.storyboard;
			sourceTree = "<group>";
		};
/* End PBXVariantGroup section */

/* Begin XCBuildConfiguration section */
		E9F56FFD27E2DFE000844544 /* Debug */ = {
			isa = XCBuildConfiguration;
			buildSettings = {
				ALWAYS_SEARCH_USER_PATHS = NO;
				CLANG_ANALYZER_NONNULL = YES;
				CLANG_ANALYZER_NUMBER_OBJECT_CONVERSION = YES_AGGRESSIVE;
				CLANG_CXX_LANGUAGE_STANDARD = "gnu++17";
				CLANG_ENABLE_MODULES = YES;
				CLANG_ENABLE_OBJC_ARC = YES;
				CLANG_ENABLE_OBJC_WEAK = YES;
				CLANG_WARN_BLOCK_CAPTURE_AUTORELEASING = YES;
				CLANG_WARN_BOOL_CONVERSION = YES;
				CLANG_WARN_COMMA = YES;
				CLANG_WARN_CONSTANT_CONVERSION = YES;
				CLANG_WARN_DEPRECATED_OBJC_IMPLEMENTATIONS = YES;
				CLANG_WARN_DIRECT_OBJC_ISA_USAGE = YES_ERROR;
				CLANG_WARN_DOCUMENTATION_COMMENTS = YES;
				CLANG_WARN_EMPTY_BODY = YES;
				CLANG_WARN_ENUM_CONVERSION = YES;
				CLANG_WARN_INFINITE_RECURSION = YES;
				CLANG_WARN_INT_CONVERSION = YES;
				CLANG_WARN_NON_LITERAL_NULL_CONVERSION = YES;
				CLANG_WARN_OBJC_IMPLICIT_RETAIN_SELF = YES;
				CLANG_WARN_OBJC_LITERAL_CONVERSION = YES;
				CLANG_WARN_OBJC_ROOT_CLASS = YES_ERROR;
				CLANG_WARN_QUOTED_INCLUDE_IN_FRAMEWORK_HEADER = YES;
				CLANG_WARN_RANGE_LOOP_ANALYSIS = YES;
				CLANG_WARN_STRICT_PROTOTYPES = YES;
				CLANG_WARN_SUSPICIOUS_MOVE = YES;
				CLANG_WARN_UNGUARDED_AVAILABILITY = YES_AGGRESSIVE;
				CLANG_WARN_UNREACHABLE_CODE = YES;
				CLANG_WARN__DUPLICATE_METHOD_MATCH = YES;
				COPY_PHASE_STRIP = NO;
				DEBUG_INFORMATION_FORMAT = dwarf;
				ENABLE_STRICT_OBJC_MSGSEND = YES;
				ENABLE_TESTABILITY = YES;
				GCC_C_LANGUAGE_STANDARD = gnu11;
				GCC_DYNAMIC_NO_PIC = NO;
				GCC_NO_COMMON_BLOCKS = YES;
				GCC_OPTIMIZATION_LEVEL = 0;
				GCC_PREPROCESSOR_DEFINITIONS = (
					"DEBUG=1",
					"$(inherited)",
				);
				GCC_WARN_64_TO_32_BIT_CONVERSION = YES;
				GCC_WARN_ABOUT_RETURN_TYPE = YES_ERROR;
				GCC_WARN_UNDECLARED_SELECTOR = YES;
				GCC_WARN_UNINITIALIZED_AUTOS = YES_AGGRESSIVE;
				GCC_WARN_UNUSED_FUNCTION = YES;
				GCC_WARN_UNUSED_VARIABLE = YES;
				IPHONEOS_DEPLOYMENT_TARGET = 15.4;
				MTL_ENABLE_DEBUG_INFO = INCLUDE_SOURCE;
				MTL_FAST_MATH = YES;
				ONLY_ACTIVE_ARCH = YES;
				SDKROOT = iphoneos;
			};
			name = Debug;
		};
		E9F56FFE27E2DFE000844544 /* Release */ = {
			isa = XCBuildConfiguration;
			buildSettings = {
				ALWAYS_SEARCH_USER_PATHS = NO;
				CLANG_ANALYZER_NONNULL = YES;
				CLANG_ANALYZER_NUMBER_OBJECT_CONVERSION = YES_AGGRESSIVE;
				CLANG_CXX_LANGUAGE_STANDARD = "gnu++17";
				CLANG_ENABLE_MODULES = YES;
				CLANG_ENABLE_OBJC_ARC = YES;
				CLANG_ENABLE_OBJC_WEAK = YES;
				CLANG_WARN_BLOCK_CAPTURE_AUTORELEASING = YES;
				CLANG_WARN_BOOL_CONVERSION = YES;
				CLANG_WARN_COMMA = YES;
				CLANG_WARN_CONSTANT_CONVERSION = YES;
				CLANG_WARN_DEPRECATED_OBJC_IMPLEMENTATIONS = YES;
				CLANG_WARN_DIRECT_OBJC_ISA_USAGE = YES_ERROR;
				CLANG_WARN_DOCUMENTATION_COMMENTS = YES;
				CLANG_WARN_EMPTY_BODY = YES;
				CLANG_WARN_ENUM_CONVERSION = YES;
				CLANG_WARN_INFINITE_RECURSION = YES;
				CLANG_WARN_INT_CONVERSION = YES;
				CLANG_WARN_NON_LITERAL_NULL_CONVERSION = YES;
				CLANG_WARN_OBJC_IMPLICIT_RETAIN_SELF = YES;
				CLANG_WARN_OBJC_LITERAL_CONVERSION = YES;
				CLANG_WARN_OBJC_ROOT_CLASS = YES_ERROR;
				CLANG_WARN_QUOTED_INCLUDE_IN_FRAMEWORK_HEADER = YES;
				CLANG_WARN_RANGE_LOOP_ANALYSIS = YES;
				CLANG_WARN_STRICT_PROTOTYPES = YES;
				CLANG_WARN_SUSPICIOUS_MOVE = YES;
				CLANG_WARN_UNGUARDED_AVAILABILITY = YES_AGGRESSIVE;
				CLANG_WARN_UNREACHABLE_CODE = YES;
				CLANG_WARN__DUPLICATE_METHOD_MATCH = YES;
				COPY_PHASE_STRIP = NO;
				DEBUG_INFORMATION_FORMAT = "dwarf-with-dsym";
				ENABLE_NS_ASSERTIONS = NO;
				ENABLE_STRICT_OBJC_MSGSEND = YES;
				GCC_C_LANGUAGE_STANDARD = gnu11;
				GCC_NO_COMMON_BLOCKS = YES;
				GCC_WARN_64_TO_32_BIT_CONVERSION = YES;
				GCC_WARN_ABOUT_RETURN_TYPE = YES_ERROR;
				GCC_WARN_UNDECLARED_SELECTOR = YES;
				GCC_WARN_UNINITIALIZED_AUTOS = YES_AGGRESSIVE;
				GCC_WARN_UNUSED_FUNCTION = YES;
				GCC_WARN_UNUSED_VARIABLE = YES;
				IPHONEOS_DEPLOYMENT_TARGET = 15.4;
				MTL_ENABLE_DEBUG_INFO = NO;
				MTL_FAST_MATH = YES;
				SDKROOT = iphoneos;
				VALIDATE_PRODUCT = YES;
			};
			name = Release;
		};
		E9F5700027E2DFE000844544 /* Debug */ = {
			isa = XCBuildConfiguration;
			buildSettings = {
				ASSETCATALOG_COMPILER_APPICON_NAME = AppIcon;
				ASSETCATALOG_COMPILER_GLOBAL_ACCENT_COLOR_NAME = AccentColor;
				CODE_SIGN_STYLE = Automatic;
				CURRENT_PROJECT_VERSION = 1;
				DEVELOPMENT_TEAM = MRMHT335N6;
				GENERATE_INFOPLIST_FILE = YES;
				INFOPLIST_FILE = NetworkTrafficLog/Info.plist;
				INFOPLIST_KEY_UIApplicationSupportsIndirectInputEvents = YES;
				INFOPLIST_KEY_UILaunchStoryboardName = LaunchScreen;
				INFOPLIST_KEY_UIMainStoryboardFile = Main;
				INFOPLIST_KEY_UISupportedInterfaceOrientations_iPad = "UIInterfaceOrientationPortrait UIInterfaceOrientationPortraitUpsideDown UIInterfaceOrientationLandscapeLeft UIInterfaceOrientationLandscapeRight";
				INFOPLIST_KEY_UISupportedInterfaceOrientations_iPhone = "UIInterfaceOrientationPortrait UIInterfaceOrientationLandscapeLeft UIInterfaceOrientationLandscapeRight";
				LD_RUNPATH_SEARCH_PATHS = (
					"$(inherited)",
					"@executable_path/Frameworks",
				);
				MARKETING_VERSION = 1.0;
				PRODUCT_BUNDLE_IDENTIFIER = jiapei.xie.NetworkTrafficLog;
				PRODUCT_NAME = "$(TARGET_NAME)";
				SWIFT_EMIT_LOC_STRINGS = YES;
				TARGETED_DEVICE_FAMILY = "1,2";
			};
			name = Debug;
		};
		E9F5700127E2DFE000844544 /* Release */ = {
			isa = XCBuildConfiguration;
			buildSettings = {
				ASSETCATALOG_COMPILER_APPICON_NAME = AppIcon;
				ASSETCATALOG_COMPILER_GLOBAL_ACCENT_COLOR_NAME = AccentColor;
				CODE_SIGN_STYLE = Automatic;
				CURRENT_PROJECT_VERSION = 1;
				DEVELOPMENT_TEAM = MRMHT335N6;
				GENERATE_INFOPLIST_FILE = YES;
				INFOPLIST_FILE = NetworkTrafficLog/Info.plist;
				INFOPLIST_KEY_UIApplicationSupportsIndirectInputEvents = YES;
				INFOPLIST_KEY_UILaunchStoryboardName = LaunchScreen;
				INFOPLIST_KEY_UIMainStoryboardFile = Main;
				INFOPLIST_KEY_UISupportedInterfaceOrientations_iPad = "UIInterfaceOrientationPortrait UIInterfaceOrientationPortraitUpsideDown UIInterfaceOrientationLandscapeLeft UIInterfaceOrientationLandscapeRight";
				INFOPLIST_KEY_UISupportedInterfaceOrientations_iPhone = "UIInterfaceOrientationPortrait UIInterfaceOrientationLandscapeLeft UIInterfaceOrientationLandscapeRight";
				LD_RUNPATH_SEARCH_PATHS = (
					"$(inherited)",
					"@executable_path/Frameworks",
				);
				MARKETING_VERSION = 1.0;
				PRODUCT_BUNDLE_IDENTIFIER = jiapei.xie.NetworkTrafficLog;
				PRODUCT_NAME = "$(TARGET_NAME)";
				SWIFT_EMIT_LOC_STRINGS = YES;
				TARGETED_DEVICE_FAMILY = "1,2";
			};
			name = Release;
		};
/* End XCBuildConfiguration section */

/* Begin XCConfigurationList section */
		E9F56FE127E2DFDD00844544 /* Build configuration list for PBXProject "NetworkTrafficLog" */ = {
			isa = XCConfigurationList;
			buildConfigurations = (
				E9F56FFD27E2DFE000844544 /* Debug */,
				E9F56FFE27E2DFE000844544 /* Release */,
			);
			defaultConfigurationIsVisible = 0;
			defaultConfigurationName = Release;
		};
		E9F56FFF27E2DFE000844544 /* Build configuration list for PBXNativeTarget "NetworkTrafficLog" */ = {
			isa = XCConfigurationList;
			buildConfigurations = (
				E9F5700027E2DFE000844544 /* Debug */,
				E9F5700127E2DFE000844544 /* Release */,
			);
			defaultConfigurationIsVisible = 0;
			defaultConfigurationName = Release;
		};
/* End XCConfigurationList section */
	};
	rootObject = E9F56FDE27E2DFDD00844544 /* Project object */;
}
