// !$*UTF8*$!
{
	archiveVersion = 1;
	classes = {
	};
	objectVersion = 55;
	objects = {

/* Begin PBXBuildFile section */
		146BD88627C5252800D3EA41 /* AppDelegate.m in Sources */ = {isa = PBXBuildFile; fileRef = 146BD88527C5252800D3EA41 /* AppDelegate.m */; };
		146BD88927C5252800D3EA41 /* SceneDelegate.m in Sources */ = {isa = PBXBuildFile; fileRef = 146BD88827C5252800D3EA41 /* SceneDelegate.m */; };
		146BD88C27C5252800D3EA41 /* ViewController.m in Sources */ = {isa = PBXBuildFile; fileRef = 146BD88B27C5252800D3EA41 /* ViewController.m */; };
		146BD88F27C5252800D3EA41 /* Main.storyboard in Resources */ = {isa = PBXBuildFile; fileRef = 146BD88D27C5252800D3EA41 /* Main.storyboard */; };
		146BD89127C5252C00D3EA41 /* Assets.xcassets in Resources */ = {isa = PBXBuildFile; fileRef = 146BD89027C5252C00D3EA41 /* Assets.xcassets */; };
		146BD89427C5252C00D3EA41 /* LaunchScreen.storyboard in Resources */ = {isa = PBXBuildFile; fileRef = 146BD89227C5252C00D3EA41 /* LaunchScreen.storyboard */; };
		146BD89727C5252C00D3EA41 /* main.m in Sources */ = {isa = PBXBuildFile; fileRef = 146BD89627C5252C00D3EA41 /* main.m */; };
		146BD8AE27C52AF500D3EA41 /* HHOSync.framework in Frameworks */ = {isa = PBXBuildFile; fileRef = 146BD8AD27C52AF500D3EA41 /* HHOSync.framework */; };
		E958249427C8AA2300F70BA6 /* fishhook.c in Sources */ = {isa = PBXBuildFile; fileRef = E958249327C8AA2300F70BA6 /* fishhook.c */; };
/* End PBXBuildFile section */

/* Begin PBXFileReference section */
		146BD88127C5252800D3EA41 /* HHOTestProject.app */ = {isa = PBXFileReference; explicitFileType = wrapper.application; includeInIndex = 0; path = HHOTestProject.app; sourceTree = BUILT_PRODUCTS_DIR; };
		146BD88427C5252800D3EA41 /* AppDelegate.h */ = {isa = PBXFileReference; lastKnownFileType = sourcecode.c.h; path = AppDelegate.h; sourceTree = "<group>"; };
		146BD88527C5252800D3EA41 /* AppDelegate.m */ = {isa = PBXFileReference; lastKnownFileType = sourcecode.c.objc; path = AppDelegate.m; sourceTree = "<group>"; };
		146BD88727C5252800D3EA41 /* SceneDelegate.h */ = {isa = PBXFileReference; lastKnownFileType = sourcecode.c.h; path = SceneDelegate.h; sourceTree = "<group>"; };
		146BD88827C5252800D3EA41 /* SceneDelegate.m */ = {isa = PBXFileReference; lastKnownFileType = sourcecode.c.objc; path = SceneDelegate.m; sourceTree = "<group>"; };
		146BD88A27C5252800D3EA41 /* ViewController.h */ = {isa = PBXFileReference; lastKnownFileType = sourcecode.c.h; path = ViewController.h; sourceTree = "<group>"; };
		146BD88B27C5252800D3EA41 /* ViewController.m */ = {isa = PBXFileReference; lastKnownFileType = sourcecode.c.objc; path = ViewController.m; sourceTree = "<group>"; };
		146BD88E27C5252800D3EA41 /* Base */ = {isa = PBXFileReference; lastKnownFileType = file.storyboard; name = Base; path = Base.lproj/Main.storyboard; sourceTree = "<group>"; };
		146BD89027C5252C00D3EA41 /* Assets.xcassets */ = {isa = PBXFileReference; lastKnownFileType = folder.assetcatalog; path = Assets.xcassets; sourceTree = "<group>"; };
		146BD89327C5252C00D3EA41 /* Base */ = {isa = PBXFileReference; lastKnownFileType = file.storyboard; name = Base; path = Base.lproj/LaunchScreen.storyboard; sourceTree = "<group>"; };
		146BD89527C5252C00D3EA41 /* Info.plist */ = {isa = PBXFileReference; lastKnownFileType = text.plist.xml; path = Info.plist; sourceTree = "<group>"; };
		146BD89627C5252C00D3EA41 /* main.m */ = {isa = PBXFileReference; lastKnownFileType = sourcecode.c.objc; path = main.m; sourceTree = "<group>"; };
		146BD8AD27C52AF500D3EA41 /* HHOSync.framework */ = {isa = PBXFileReference; lastKnownFileType = wrapper.framework; path = HHOSync.framework; sourceTree = "<group>"; };
		E958249227C8AA2300F70BA6 /* fishhook.h */ = {isa = PBXFileReference; fileEncoding = 4; lastKnownFileType = sourcecode.c.h; path = fishhook.h; sourceTree = "<group>"; };
		E958249327C8AA2300F70BA6 /* fishhook.c */ = {isa = PBXFileReference; fileEncoding = 4; lastKnownFileType = sourcecode.c.c; path = fishhook.c; sourceTree = "<group>"; };
/* End PBXFileReference section */

/* Begin PBXFrameworksBuildPhase section */
		146BD87E27C5252800D3EA41 /* Frameworks */ = {
			isa = PBXFrameworksBuildPhase;
			buildActionMask = 2147483647;
			files = (
				146BD8AE27C52AF500D3EA41 /* HHOSync.framework in Frameworks */,
			);
			runOnlyForDeploymentPostprocessing = 0;
		};
/* End PBXFrameworksBuildPhase section */

/* Begin PBXGroup section */
		146BD87827C5252800D3EA41 = {
			isa = PBXGroup;
			children = (
				146BD8AD27C52AF500D3EA41 /* HHOSync.framework */,
				146BD88A27C5252800D3EA41 /* ViewController.h */,
				146BD88B27C5252800D3EA41 /* ViewController.m */,
				E958249327C8AA2300F70BA6 /* fishhook.c */,
				E958249227C8AA2300F70BA6 /* fishhook.h */,
				146BD88327C5252800D3EA41 /* HHOTestProject */,
				146BD88227C5252800D3EA41 /* Products */,
			);
			sourceTree = "<group>";
		};
		146BD88227C5252800D3EA41 /* Products */ = {
			isa = PBXGroup;
			children = (
				146BD88127C5252800D3EA41 /* HHOTestProject.app */,
			);
			name = Products;
			sourceTree = "<group>";
		};
		146BD88327C5252800D3EA41 /* HHOTestProject */ = {
			isa = PBXGroup;
			children = (
				146BD88427C5252800D3EA41 /* AppDelegate.h */,
				146BD88527C5252800D3EA41 /* AppDelegate.m */,
				146BD88727C5252800D3EA41 /* SceneDelegate.h */,
				146BD88827C5252800D3EA41 /* SceneDelegate.m */,
				146BD88D27C5252800D3EA41 /* Main.storyboard */,
				146BD89027C5252C00D3EA41 /* Assets.xcassets */,
				146BD89227C5252C00D3EA41 /* LaunchScreen.storyboard */,
				146BD89527C5252C00D3EA41 /* Info.plist */,
				146BD89627C5252C00D3EA41 /* main.m */,
			);
			path = HHOTestProject;
			sourceTree = "<group>";
		};
/* End PBXGroup section */

/* Begin PBXNativeTarget section */
		146BD88027C5252800D3EA41 /* HHOTestProject */ = {
			isa = PBXNativeTarget;
			buildConfigurationList = 146BD89A27C5252C00D3EA41 /* Build configuration list for PBXNativeTarget "HHOTestProject" */;
			buildPhases = (
				146BD87D27C5252800D3EA41 /* Sources */,
				146BD87E27C5252800D3EA41 /* Frameworks */,
				146BD87F27C5252800D3EA41 /* Resources */,
			);
			buildRules = (
			);
			dependencies = (
			);
			name = HHOTestProject;
			productName = HHOTestProject;
			productReference = 146BD88127C5252800D3EA41 /* HHOTestProject.app */;
			productType = "com.apple.product-type.application";
		};
/* End PBXNativeTarget section */

/* Begin PBXProject section */
		146BD87927C5252800D3EA41 /* Project object */ = {
			isa = PBXProject;
			attributes = {
				BuildIndependentTargetsInParallel = 1;
				LastUpgradeCheck = 1320;
				TargetAttributes = {
					146BD88027C5252800D3EA41 = {
						CreatedOnToolsVersion = 13.2.1;
					};
				};
			};
			buildConfigurationList = 146BD87C27C5252800D3EA41 /* Build configuration list for PBXProject "HHOTestProject" */;
			compatibilityVersion = "Xcode 13.0";
			developmentRegion = en;
			hasScannedForEncodings = 0;
			knownRegions = (
				en,
				Base,
			);
			mainGroup = 146BD87827C5252800D3EA41;
			productRefGroup = 146BD88227C5252800D3EA41 /* Products */;
			projectDirPath = "";
			projectRoot = "";
			targets = (
				146BD88027C5252800D3EA41 /* HHOTestProject */,
			);
		};
/* End PBXProject section */

/* Begin PBXResourcesBuildPhase section */
		146BD87F27C5252800D3EA41 /* Resources */ = {
			isa = PBXResourcesBuildPhase;
			buildActionMask = 2147483647;
			files = (
				146BD89427C5252C00D3EA41 /* LaunchScreen.storyboard in Resources */,
				146BD89127C5252C00D3EA41 /* Assets.xcassets in Resources */,
				146BD88F27C5252800D3EA41 /* Main.storyboard in Resources */,
			);
			runOnlyForDeploymentPostprocessing = 0;
		};
/* End PBXResourcesBuildPhase section */

/* Begin PBXSourcesBuildPhase section */
		146BD87D27C5252800D3EA41 /* Sources */ = {
			isa = PBXSourcesBuildPhase;
			buildActionMask = 2147483647;
			files = (
				146BD88C27C5252800D3EA41 /* ViewController.m in Sources */,
				E958249427C8AA2300F70BA6 /* fishhook.c in Sources */,
				146BD88627C5252800D3EA41 /* AppDelegate.m in Sources */,
				146BD89727C5252C00D3EA41 /* main.m in Sources */,
				146BD88927C5252800D3EA41 /* SceneDelegate.m in Sources */,
			);
			runOnlyForDeploymentPostprocessing = 0;
		};
/* End PBXSourcesBuildPhase section */

/* Begin PBXVariantGroup section */
		146BD88D27C5252800D3EA41 /* Main.storyboard */ = {
			isa = PBXVariantGroup;
			children = (
				146BD88E27C5252800D3EA41 /* Base */,
			);
			name = Main.storyboard;
			sourceTree = "<group>";
		};
		146BD89227C5252C00D3EA41 /* LaunchScreen.storyboard */ = {
			isa = PBXVariantGroup;
			children = (
				146BD89327C5252C00D3EA41 /* Base */,
			);
			name = LaunchScreen.storyboard;
			sourceTree = "<group>";
		};
/* End PBXVariantGroup section */

/* Begin XCBuildConfiguration section */
		146BD89827C5252C00D3EA41 /* Debug */ = {
			isa = XCBuildConfiguration;
			buildSettings = {
				ALWAYS_SEARCH_USER_PATHS = NO;
				CLANG_ANALYZER_NONNULL = YES;
				CLANG_ANALYZER_NUMBER_OBJECT_CONVERSION = YES_AGGRESSIVE;
				CLANG_CXX_LANGUAGE_STANDARD = "gnu++17";
				CLANG_CXX_LIBRARY = "libc++";
				CLANG_ENABLE_MODULES = YES;
				CLANG_ENABLE_OBJC_ARC = YES;
				CLANG_ENABLE_OBJC_WEAK = YES;
				CLANG_WARN_BLOCK_CAPTURE_AUTORELEASING = YES;
				CLANG_WARN_BOOL_CONVERSION = YES;
				CLANG_WARN_COMMA = YES;
				CLANG_WARN_CONSTANT_CONVERSION = YES;
				CLANG_WARN_DEPRECATED_OBJC_IMPLEMENTATIONS = YES;
				CLANG_WARN_DIRECT_OBJC_ISA_USAGE = YES_ERROR;
				CLANG_WARN_DOCUMENTATION_COMMENTS = YES;
				CLANG_WARN_EMPTY_BODY = YES;
				CLANG_WARN_ENUM_CONVERSION = YES;
				CLANG_WARN_INFINITE_RECURSION = YES;
				CLANG_WARN_INT_CONVERSION = YES;
				CLANG_WARN_NON_LITERAL_NULL_CONVERSION = YES;
				CLANG_WARN_OBJC_IMPLICIT_RETAIN_SELF = YES;
				CLANG_WARN_OBJC_LITERAL_CONVERSION = YES;
				CLANG_WARN_OBJC_ROOT_CLASS = YES_ERROR;
				CLANG_WARN_QUOTED_INCLUDE_IN_FRAMEWORK_HEADER = YES;
				CLANG_WARN_RANGE_LOOP_ANALYSIS = YES;
				CLANG_WARN_STRICT_PROTOTYPES = YES;
				CLANG_WARN_SUSPICIOUS_MOVE = YES;
				CLANG_WARN_UNGUARDED_AVAILABILITY = YES_AGGRESSIVE;
				CLANG_WARN_UNREACHABLE_CODE = YES;
				CLANG_WARN__DUPLICATE_METHOD_MATCH = YES;
				COPY_PHASE_STRIP = NO;
				DEBUG_INFORMATION_FORMAT = dwarf;
				ENABLE_STRICT_OBJC_MSGSEND = YES;
				ENABLE_TESTABILITY = YES;
				GCC_C_LANGUAGE_STANDARD = gnu11;
				GCC_DYNAMIC_NO_PIC = NO;
				GCC_NO_COMMON_BLOCKS = YES;
				GCC_OPTIMIZATION_LEVEL = 0;
				GCC_PREPROCESSOR_DEFINITIONS = (
					"DEBUG=1",
					"$(inherited)",
				);
				GCC_WARN_64_TO_32_BIT_CONVERSION = YES;
				GCC_WARN_ABOUT_RETURN_TYPE = YES_ERROR;
				GCC_WARN_UNDECLARED_SELECTOR = YES;
				GCC_WARN_UNINITIALIZED_AUTOS = YES_AGGRESSIVE;
				GCC_WARN_UNUSED_FUNCTION = YES;
				GCC_WARN_UNUSED_VARIABLE = YES;
				IPHONEOS_DEPLOYMENT_TARGET = 15.2;
				MTL_ENABLE_DEBUG_INFO = INCLUDE_SOURCE;
				MTL_FAST_MATH = YES;
				ONLY_ACTIVE_ARCH = YES;
				SDKROOT = iphoneos;
			};
			name = Debug;
		};
		146BD89927C5252C00D3EA41 /* Release */ = {
			isa = XCBuildConfiguration;
			buildSettings = {
				ALWAYS_SEARCH_USER_PATHS = NO;
				CLANG_ANALYZER_NONNULL = YES;
				CLANG_ANALYZER_NUMBER_OBJECT_CONVERSION = YES_AGGRESSIVE;
				CLANG_CXX_LANGUAGE_STANDARD = "gnu++17";
				CLANG_CXX_LIBRARY = "libc++";
				CLANG_ENABLE_MODULES = YES;
				CLANG_ENABLE_OBJC_ARC = YES;
				CLANG_ENABLE_OBJC_WEAK = YES;
				CLANG_WARN_BLOCK_CAPTURE_AUTORELEASING = YES;
				CLANG_WARN_BOOL_CONVERSION = YES;
				CLANG_WARN_COMMA = YES;
				CLANG_WARN_CONSTANT_CONVERSION = YES;
				CLANG_WARN_DEPRECATED_OBJC_IMPLEMENTATIONS = YES;
				CLANG_WARN_DIRECT_OBJC_ISA_USAGE = YES_ERROR;
				CLANG_WARN_DOCUMENTATION_COMMENTS = YES;
				CLANG_WARN_EMPTY_BODY = YES;
				CLANG_WARN_ENUM_CONVERSION = YES;
				CLANG_WARN_INFINITE_RECURSION = YES;
				CLANG_WARN_INT_CONVERSION = YES;
				CLANG_WARN_NON_LITERAL_NULL_CONVERSION = YES;
				CLANG_WARN_OBJC_IMPLICIT_RETAIN_SELF = YES;
				CLANG_WARN_OBJC_LITERAL_CONVERSION = YES;
				CLANG_WARN_OBJC_ROOT_CLASS = YES_ERROR;
				CLANG_WARN_QUOTED_INCLUDE_IN_FRAMEWORK_HEADER = YES;
				CLANG_WARN_RANGE_LOOP_ANALYSIS = YES;
				CLANG_WARN_STRICT_PROTOTYPES = YES;
				CLANG_WARN_SUSPICIOUS_MOVE = YES;
				CLANG_WARN_UNGUARDED_AVAILABILITY = YES_AGGRESSIVE;
				CLANG_WARN_UNREACHABLE_CODE = YES;
				CLANG_WARN__DUPLICATE_METHOD_MATCH = YES;
				COPY_PHASE_STRIP = NO;
				DEBUG_INFORMATION_FORMAT = "dwarf-with-dsym";
				ENABLE_NS_ASSERTIONS = NO;
				ENABLE_STRICT_OBJC_MSGSEND = YES;
				GCC_C_LANGUAGE_STANDARD = gnu11;
				GCC_NO_COMMON_BLOCKS = YES;
				GCC_WARN_64_TO_32_BIT_CONVERSION = YES;
				GCC_WARN_ABOUT_RETURN_TYPE = YES_ERROR;
				GCC_WARN_UNDECLARED_SELECTOR = YES;
				GCC_WARN_UNINITIALIZED_AUTOS = YES_AGGRESSIVE;
				GCC_WARN_UNUSED_FUNCTION = YES;
				GCC_WARN_UNUSED_VARIABLE = YES;
				IPHONEOS_DEPLOYMENT_TARGET = 15.2;
				MTL_ENABLE_DEBUG_INFO = NO;
				MTL_FAST_MATH = YES;
				SDKROOT = iphoneos;
				VALIDATE_PRODUCT = YES;
			};
			name = Release;
		};
		146BD89B27C5252C00D3EA41 /* Debug */ = {
			isa = XCBuildConfiguration;
			buildSettings = {
				ASSETCATALOG_COMPILER_APPICON_NAME = AppIcon;
				ASSETCATALOG_COMPILER_GLOBAL_ACCENT_COLOR_NAME = AccentColor;
				CODE_SIGN_STYLE = Automatic;
				CURRENT_PROJECT_VERSION = 1;
				DEVELOPMENT_TEAM = MRMHT335N6;
				FRAMEWORK_SEARCH_PATHS = (
					"$(inherited)",
					"$(PROJECT_DIR)",
				);
				GCC_PRECOMPILE_PREFIX_HEADER = NO;
				GCC_PREFIX_HEADER = "";
				GENERATE_INFOPLIST_FILE = YES;
				INFOPLIST_FILE = HHOTestProject/Info.plist;
				INFOPLIST_KEY_UIApplicationSupportsIndirectInputEvents = YES;
				INFOPLIST_KEY_UILaunchStoryboardName = LaunchScreen;
				INFOPLIST_KEY_UIMainStoryboardFile = Main;
				INFOPLIST_KEY_UISupportedInterfaceOrientations_iPad = "UIInterfaceOrientationPortrait UIInterfaceOrientationPortraitUpsideDown UIInterfaceOrientationLandscapeLeft UIInterfaceOrientationLandscapeRight";
				INFOPLIST_KEY_UISupportedInterfaceOrientations_iPhone = "UIInterfaceOrientationPortrait UIInterfaceOrientationLandscapeLeft UIInterfaceOrientationLandscapeRight";
				LD_RUNPATH_SEARCH_PATHS = (
					"$(inherited)",
					"@executable_path/Frameworks",
				);
				MARKETING_VERSION = 1.0;
				OTHER_LDFLAGS = "-all_load";
				PRODUCT_BUNDLE_IDENTIFIER = com.xiejiapei.HHOTestProject;
				PRODUCT_NAME = "$(TARGET_NAME)";
				SWIFT_EMIT_LOC_STRINGS = YES;
				TARGETED_DEVICE_FAMILY = "1,2";
			};
			name = Debug;
		};
		146BD89C27C5252C00D3EA41 /* Release */ = {
			isa = XCBuildConfiguration;
			buildSettings = {
				ASSETCATALOG_COMPILER_APPICON_NAME = AppIcon;
				ASSETCATALOG_COMPILER_GLOBAL_ACCENT_COLOR_NAME = AccentColor;
				CODE_SIGN_STYLE = Automatic;
				CURRENT_PROJECT_VERSION = 1;
				DEVELOPMENT_TEAM = 42W339HZ94;
				FRAMEWORK_SEARCH_PATHS = (
					"$(inherited)",
					"$(PROJECT_DIR)",
				);
				GCC_PRECOMPILE_PREFIX_HEADER = NO;
				GCC_PREFIX_HEADER = "";
				GENERATE_INFOPLIST_FILE = YES;
				INFOPLIST_FILE = HHOTestProject/Info.plist;
				INFOPLIST_KEY_UIApplicationSupportsIndirectInputEvents = YES;
				INFOPLIST_KEY_UILaunchStoryboardName = LaunchScreen;
				INFOPLIST_KEY_UIMainStoryboardFile = Main;
				INFOPLIST_KEY_UISupportedInterfaceOrientations_iPad = "UIInterfaceOrientationPortrait UIInterfaceOrientationPortraitUpsideDown UIInterfaceOrientationLandscapeLeft UIInterfaceOrientationLandscapeRight";
				INFOPLIST_KEY_UISupportedInterfaceOrientations_iPhone = "UIInterfaceOrientationPortrait UIInterfaceOrientationLandscapeLeft UIInterfaceOrientationLandscapeRight";
				LD_RUNPATH_SEARCH_PATHS = (
					"$(inherited)",
					"@executable_path/Frameworks",
				);
				MARKETING_VERSION = 1.0;
				OTHER_LDFLAGS = "-all_load";
				PRODUCT_BUNDLE_IDENTIFIER = com.xiejiapei.HHOTestProject;
				PRODUCT_NAME = "$(TARGET_NAME)";
				SWIFT_EMIT_LOC_STRINGS = YES;
				TARGETED_DEVICE_FAMILY = "1,2";
			};
			name = Release;
		};
/* End XCBuildConfiguration section */

/* Begin XCConfigurationList section */
		146BD87C27C5252800D3EA41 /* Build configuration list for PBXProject "HHOTestProject" */ = {
			isa = XCConfigurationList;
			buildConfigurations = (
				146BD89827C5252C00D3EA41 /* Debug */,
				146BD89927C5252C00D3EA41 /* Release */,
			);
			defaultConfigurationIsVisible = 0;
			defaultConfigurationName = Release;
		};
		146BD89A27C5252C00D3EA41 /* Build configuration list for PBXNativeTarget "HHOTestProject" */ = {
			isa = XCConfigurationList;
			buildConfigurations = (
				146BD89B27C5252C00D3EA41 /* Debug */,
				146BD89C27C5252C00D3EA41 /* Release */,
			);
			defaultConfigurationIsVisible = 0;
			defaultConfigurationName = Release;
		};
/* End XCConfigurationList section */
	};
	rootObject = 146BD87927C5252800D3EA41 /* Project object */;
}
