// !$*UTF8*$!
{
	archiveVersion = 1;
	classes = {
	};
	objectVersion = 50;
	objects = {

/* Begin PBXBuildFile section */
		E979EC512542B99600A2260F /* AppDelegate.m in Sources */ = {isa = PBXBuildFile; fileRef = E979EC502542B99600A2260F /* AppDelegate.m */; };
		E979EC5C2542B99700A2260F /* Assets.xcassets in Resources */ = {isa = PBXBuildFile; fileRef = E979EC5B2542B99700A2260F /* Assets.xcassets */; };
		E979EC5F2542B99700A2260F /* LaunchScreen.storyboard in Resources */ = {isa = PBXBuildFile; fileRef = E979EC5D2542B99700A2260F /* LaunchScreen.storyboard */; };
		E979EC622542B99700A2260F /* main.m in Sources */ = {isa = PBXBuildFile; fileRef = E979EC612542B99700A2260F /* main.m */; };
		E979EC772542B9E400A2260F /* ListViewController.m in Sources */ = {isa = PBXBuildFile; fileRef = E979EC6C2542B9E400A2260F /* ListViewController.m */; };
		E979EC782542B9E400A2260F /* CharacterViewController.m in Sources */ = {isa = PBXBuildFile; fileRef = E979EC702542B9E400A2260F /* CharacterViewController.m */; };
		E979EC792542B9E400A2260F /* IOSProjectViewController.m in Sources */ = {isa = PBXBuildFile; fileRef = E979EC722542B9E400A2260F /* IOSProjectViewController.m */; };
		E979EC7A2542B9E400A2260F /* ArrayViewController.m in Sources */ = {isa = PBXBuildFile; fileRef = E979EC752542B9E400A2260F /* ArrayViewController.m */; };
/* End PBXBuildFile section */

/* Begin PBXFileReference section */
		E979EC4C2542B99600A2260F /* Arithmetic_C语言.app */ = {isa = PBXFileReference; explicitFileType = wrapper.application; includeInIndex = 0; path = "Arithmetic_C语言.app"; sourceTree = BUILT_PRODUCTS_DIR; };
		E979EC4F2542B99600A2260F /* AppDelegate.h */ = {isa = PBXFileReference; lastKnownFileType = sourcecode.c.h; path = AppDelegate.h; sourceTree = "<group>"; };
		E979EC502542B99600A2260F /* AppDelegate.m */ = {isa = PBXFileReference; lastKnownFileType = sourcecode.c.objc; path = AppDelegate.m; sourceTree = "<group>"; };
		E979EC5B2542B99700A2260F /* Assets.xcassets */ = {isa = PBXFileReference; lastKnownFileType = folder.assetcatalog; path = Assets.xcassets; sourceTree = "<group>"; };
		E979EC5E2542B99700A2260F /* Base */ = {isa = PBXFileReference; lastKnownFileType = file.storyboard; name = Base; path = Base.lproj/LaunchScreen.storyboard; sourceTree = "<group>"; };
		E979EC602542B99700A2260F /* Info.plist */ = {isa = PBXFileReference; lastKnownFileType = text.plist.xml; path = Info.plist; sourceTree = "<group>"; };
		E979EC612542B99700A2260F /* main.m */ = {isa = PBXFileReference; lastKnownFileType = sourcecode.c.objc; path = main.m; sourceTree = "<group>"; };
		E979EC6C2542B9E400A2260F /* ListViewController.m */ = {isa = PBXFileReference; fileEncoding = 4; lastKnownFileType = sourcecode.c.objc; path = ListViewController.m; sourceTree = "<group>"; };
		E979EC6D2542B9E400A2260F /* ListViewController.h */ = {isa = PBXFileReference; fileEncoding = 4; lastKnownFileType = sourcecode.c.h; path = ListViewController.h; sourceTree = "<group>"; };
		E979EC6F2542B9E400A2260F /* CharacterViewController.h */ = {isa = PBXFileReference; fileEncoding = 4; lastKnownFileType = sourcecode.c.h; path = CharacterViewController.h; sourceTree = "<group>"; };
		E979EC702542B9E400A2260F /* CharacterViewController.m */ = {isa = PBXFileReference; fileEncoding = 4; lastKnownFileType = sourcecode.c.objc; path = CharacterViewController.m; sourceTree = "<group>"; };
		E979EC722542B9E400A2260F /* IOSProjectViewController.m */ = {isa = PBXFileReference; fileEncoding = 4; lastKnownFileType = sourcecode.c.objc; path = IOSProjectViewController.m; sourceTree = "<group>"; };
		E979EC732542B9E400A2260F /* IOSProjectViewController.h */ = {isa = PBXFileReference; fileEncoding = 4; lastKnownFileType = sourcecode.c.h; path = IOSProjectViewController.h; sourceTree = "<group>"; };
		E979EC752542B9E400A2260F /* ArrayViewController.m */ = {isa = PBXFileReference; fileEncoding = 4; lastKnownFileType = sourcecode.c.objc; path = ArrayViewController.m; sourceTree = "<group>"; };
		E979EC762542B9E400A2260F /* ArrayViewController.h */ = {isa = PBXFileReference; fileEncoding = 4; lastKnownFileType = sourcecode.c.h; path = ArrayViewController.h; sourceTree = "<group>"; };
/* End PBXFileReference section */

/* Begin PBXFrameworksBuildPhase section */
		E979EC492542B99600A2260F /* Frameworks */ = {
			isa = PBXFrameworksBuildPhase;
			buildActionMask = 2147483647;
			files = (
			);
			runOnlyForDeploymentPostprocessing = 0;
		};
/* End PBXFrameworksBuildPhase section */

/* Begin PBXGroup section */
		E979EC432542B99600A2260F = {
			isa = PBXGroup;
			children = (
				E979EC4E2542B99600A2260F /* Arithmetic_C语言 */,
				E979EC4D2542B99600A2260F /* Products */,
			);
			sourceTree = "<group>";
		};
		E979EC4D2542B99600A2260F /* Products */ = {
			isa = PBXGroup;
			children = (
				E979EC4C2542B99600A2260F /* Arithmetic_C语言.app */,
			);
			name = Products;
			sourceTree = "<group>";
		};
		E979EC4E2542B99600A2260F /* Arithmetic_C语言 */ = {
			isa = PBXGroup;
			children = (
				E979EC6E2542B9E400A2260F /* 字符串 */,
				E979EC712542B9E400A2260F /* 工程 */,
				E979EC742542B9E400A2260F /* 数组 */,
				E979EC6B2542B9E400A2260F /* 链表 */,
				E979EC6A2542B9B600A2260F /* SupportingFiles */,
				E979EC602542B99700A2260F /* Info.plist */,
			);
			path = "Arithmetic_C语言";
			sourceTree = "<group>";
		};
		E979EC6A2542B9B600A2260F /* SupportingFiles */ = {
			isa = PBXGroup;
			children = (
				E979EC612542B99700A2260F /* main.m */,
				E979EC4F2542B99600A2260F /* AppDelegate.h */,
				E979EC502542B99600A2260F /* AppDelegate.m */,
				E979EC5B2542B99700A2260F /* Assets.xcassets */,
				E979EC5D2542B99700A2260F /* LaunchScreen.storyboard */,
			);
			path = SupportingFiles;
			sourceTree = "<group>";
		};
		E979EC6B2542B9E400A2260F /* 链表 */ = {
			isa = PBXGroup;
			children = (
				E979EC6C2542B9E400A2260F /* ListViewController.m */,
				E979EC6D2542B9E400A2260F /* ListViewController.h */,
			);
			path = "链表";
			sourceTree = "<group>";
		};
		E979EC6E2542B9E400A2260F /* 字符串 */ = {
			isa = PBXGroup;
			children = (
				E979EC6F2542B9E400A2260F /* CharacterViewController.h */,
				E979EC702542B9E400A2260F /* CharacterViewController.m */,
			);
			path = "字符串";
			sourceTree = "<group>";
		};
		E979EC712542B9E400A2260F /* 工程 */ = {
			isa = PBXGroup;
			children = (
				E979EC722542B9E400A2260F /* IOSProjectViewController.m */,
				E979EC732542B9E400A2260F /* IOSProjectViewController.h */,
			);
			path = "工程";
			sourceTree = "<group>";
		};
		E979EC742542B9E400A2260F /* 数组 */ = {
			isa = PBXGroup;
			children = (
				E979EC752542B9E400A2260F /* ArrayViewController.m */,
				E979EC762542B9E400A2260F /* ArrayViewController.h */,
			);
			path = "数组";
			sourceTree = "<group>";
		};
/* End PBXGroup section */

/* Begin PBXNativeTarget section */
		E979EC4B2542B99600A2260F /* Arithmetic_C语言 */ = {
			isa = PBXNativeTarget;
			buildConfigurationList = E979EC652542B99700A2260F /* Build configuration list for PBXNativeTarget "Arithmetic_C语言" */;
			buildPhases = (
				E979EC482542B99600A2260F /* Sources */,
				E979EC492542B99600A2260F /* Frameworks */,
				E979EC4A2542B99600A2260F /* Resources */,
			);
			buildRules = (
			);
			dependencies = (
			);
			name = "Arithmetic_C语言";
			productName = "Arithmetic_C语言";
			productReference = E979EC4C2542B99600A2260F /* Arithmetic_C语言.app */;
			productType = "com.apple.product-type.application";
		};
/* End PBXNativeTarget section */

/* Begin PBXProject section */
		E979EC442542B99600A2260F /* Project object */ = {
			isa = PBXProject;
			attributes = {
				LastUpgradeCheck = 1210;
				TargetAttributes = {
					E979EC4B2542B99600A2260F = {
						CreatedOnToolsVersion = 12.1;
					};
				};
			};
			buildConfigurationList = E979EC472542B99600A2260F /* Build configuration list for PBXProject "Arithmetic_C语言" */;
			compatibilityVersion = "Xcode 9.3";
			developmentRegion = en;
			hasScannedForEncodings = 0;
			knownRegions = (
				en,
				Base,
			);
			mainGroup = E979EC432542B99600A2260F;
			productRefGroup = E979EC4D2542B99600A2260F /* Products */;
			projectDirPath = "";
			projectRoot = "";
			targets = (
				E979EC4B2542B99600A2260F /* Arithmetic_C语言 */,
			);
		};
/* End PBXProject section */

/* Begin PBXResourcesBuildPhase section */
		E979EC4A2542B99600A2260F /* Resources */ = {
			isa = PBXResourcesBuildPhase;
			buildActionMask = 2147483647;
			files = (
				E979EC5F2542B99700A2260F /* LaunchScreen.storyboard in Resources */,
				E979EC5C2542B99700A2260F /* Assets.xcassets in Resources */,
			);
			runOnlyForDeploymentPostprocessing = 0;
		};
/* End PBXResourcesBuildPhase section */

/* Begin PBXSourcesBuildPhase section */
		E979EC482542B99600A2260F /* Sources */ = {
			isa = PBXSourcesBuildPhase;
			buildActionMask = 2147483647;
			files = (
				E979EC782542B9E400A2260F /* CharacterViewController.m in Sources */,
				E979EC512542B99600A2260F /* AppDelegate.m in Sources */,
				E979EC622542B99700A2260F /* main.m in Sources */,
				E979EC772542B9E400A2260F /* ListViewController.m in Sources */,
				E979EC7A2542B9E400A2260F /* ArrayViewController.m in Sources */,
				E979EC792542B9E400A2260F /* IOSProjectViewController.m in Sources */,
			);
			runOnlyForDeploymentPostprocessing = 0;
		};
/* End PBXSourcesBuildPhase section */

/* Begin PBXVariantGroup section */
		E979EC5D2542B99700A2260F /* LaunchScreen.storyboard */ = {
			isa = PBXVariantGroup;
			children = (
				E979EC5E2542B99700A2260F /* Base */,
			);
			name = LaunchScreen.storyboard;
			sourceTree = "<group>";
		};
/* End PBXVariantGroup section */

/* Begin XCBuildConfiguration section */
		E979EC632542B99700A2260F /* Debug */ = {
			isa = XCBuildConfiguration;
			buildSettings = {
				ALWAYS_SEARCH_USER_PATHS = NO;
				CLANG_ANALYZER_NONNULL = YES;
				CLANG_ANALYZER_NUMBER_OBJECT_CONVERSION = YES_AGGRESSIVE;
				CLANG_CXX_LANGUAGE_STANDARD = "gnu++14";
				CLANG_CXX_LIBRARY = "libc++";
				CLANG_ENABLE_MODULES = YES;
				CLANG_ENABLE_OBJC_ARC = YES;
				CLANG_ENABLE_OBJC_WEAK = YES;
				CLANG_WARN_BLOCK_CAPTURE_AUTORELEASING = YES;
				CLANG_WARN_BOOL_CONVERSION = YES;
				CLANG_WARN_COMMA = YES;
				CLANG_WARN_CONSTANT_CONVERSION = YES;
				CLANG_WARN_DEPRECATED_OBJC_IMPLEMENTATIONS = YES;
				CLANG_WARN_DIRECT_OBJC_ISA_USAGE = YES_ERROR;
				CLANG_WARN_DOCUMENTATION_COMMENTS = YES;
				CLANG_WARN_EMPTY_BODY = YES;
				CLANG_WARN_ENUM_CONVERSION = YES;
				CLANG_WARN_INFINITE_RECURSION = YES;
				CLANG_WARN_INT_CONVERSION = YES;
				CLANG_WARN_NON_LITERAL_NULL_CONVERSION = YES;
				CLANG_WARN_OBJC_IMPLICIT_RETAIN_SELF = YES;
				CLANG_WARN_OBJC_LITERAL_CONVERSION = YES;
				CLANG_WARN_OBJC_ROOT_CLASS = YES_ERROR;
				CLANG_WARN_QUOTED_INCLUDE_IN_FRAMEWORK_HEADER = YES;
				CLANG_WARN_RANGE_LOOP_ANALYSIS = YES;
				CLANG_WARN_STRICT_PROTOTYPES = YES;
				CLANG_WARN_SUSPICIOUS_MOVE = YES;
				CLANG_WARN_UNGUARDED_AVAILABILITY = YES_AGGRESSIVE;
				CLANG_WARN_UNREACHABLE_CODE = YES;
				CLANG_WARN__DUPLICATE_METHOD_MATCH = YES;
				COPY_PHASE_STRIP = NO;
				DEBUG_INFORMATION_FORMAT = dwarf;
				ENABLE_STRICT_OBJC_MSGSEND = YES;
				ENABLE_TESTABILITY = YES;
				GCC_C_LANGUAGE_STANDARD = gnu11;
				GCC_DYNAMIC_NO_PIC = NO;
				GCC_NO_COMMON_BLOCKS = YES;
				GCC_OPTIMIZATION_LEVEL = 0;
				GCC_PREPROCESSOR_DEFINITIONS = (
					"DEBUG=1",
					"$(inherited)",
				);
				GCC_WARN_64_TO_32_BIT_CONVERSION = YES;
				GCC_WARN_ABOUT_RETURN_TYPE = YES_ERROR;
				GCC_WARN_UNDECLARED_SELECTOR = YES;
				GCC_WARN_UNINITIALIZED_AUTOS = YES_AGGRESSIVE;
				GCC_WARN_UNUSED_FUNCTION = YES;
				GCC_WARN_UNUSED_VARIABLE = YES;
				IPHONEOS_DEPLOYMENT_TARGET = 14.1;
				MTL_ENABLE_DEBUG_INFO = INCLUDE_SOURCE;
				MTL_FAST_MATH = YES;
				ONLY_ACTIVE_ARCH = YES;
				SDKROOT = iphoneos;
			};
			name = Debug;
		};
		E979EC642542B99700A2260F /* Release */ = {
			isa = XCBuildConfiguration;
			buildSettings = {
				ALWAYS_SEARCH_USER_PATHS = NO;
				CLANG_ANALYZER_NONNULL = YES;
				CLANG_ANALYZER_NUMBER_OBJECT_CONVERSION = YES_AGGRESSIVE;
				CLANG_CXX_LANGUAGE_STANDARD = "gnu++14";
				CLANG_CXX_LIBRARY = "libc++";
				CLANG_ENABLE_MODULES = YES;
				CLANG_ENABLE_OBJC_ARC = YES;
				CLANG_ENABLE_OBJC_WEAK = YES;
				CLANG_WARN_BLOCK_CAPTURE_AUTORELEASING = YES;
				CLANG_WARN_BOOL_CONVERSION = YES;
				CLANG_WARN_COMMA = YES;
				CLANG_WARN_CONSTANT_CONVERSION = YES;
				CLANG_WARN_DEPRECATED_OBJC_IMPLEMENTATIONS = YES;
				CLANG_WARN_DIRECT_OBJC_ISA_USAGE = YES_ERROR;
				CLANG_WARN_DOCUMENTATION_COMMENTS = YES;
				CLANG_WARN_EMPTY_BODY = YES;
				CLANG_WARN_ENUM_CONVERSION = YES;
				CLANG_WARN_INFINITE_RECURSION = YES;
				CLANG_WARN_INT_CONVERSION = YES;
				CLANG_WARN_NON_LITERAL_NULL_CONVERSION = YES;
				CLANG_WARN_OBJC_IMPLICIT_RETAIN_SELF = YES;
				CLANG_WARN_OBJC_LITERAL_CONVERSION = YES;
				CLANG_WARN_OBJC_ROOT_CLASS = YES_ERROR;
				CLANG_WARN_QUOTED_INCLUDE_IN_FRAMEWORK_HEADER = YES;
				CLANG_WARN_RANGE_LOOP_ANALYSIS = YES;
				CLANG_WARN_STRICT_PROTOTYPES = YES;
				CLANG_WARN_SUSPICIOUS_MOVE = YES;
				CLANG_WARN_UNGUARDED_AVAILABILITY = YES_AGGRESSIVE;
				CLANG_WARN_UNREACHABLE_CODE = YES;
				CLANG_WARN__DUPLICATE_METHOD_MATCH = YES;
				COPY_PHASE_STRIP = NO;
				DEBUG_INFORMATION_FORMAT = "dwarf-with-dsym";
				ENABLE_NS_ASSERTIONS = NO;
				ENABLE_STRICT_OBJC_MSGSEND = YES;
				GCC_C_LANGUAGE_STANDARD = gnu11;
				GCC_NO_COMMON_BLOCKS = YES;
				GCC_WARN_64_TO_32_BIT_CONVERSION = YES;
				GCC_WARN_ABOUT_RETURN_TYPE = YES_ERROR;
				GCC_WARN_UNDECLARED_SELECTOR = YES;
				GCC_WARN_UNINITIALIZED_AUTOS = YES_AGGRESSIVE;
				GCC_WARN_UNUSED_FUNCTION = YES;
				GCC_WARN_UNUSED_VARIABLE = YES;
				IPHONEOS_DEPLOYMENT_TARGET = 14.1;
				MTL_ENABLE_DEBUG_INFO = NO;
				MTL_FAST_MATH = YES;
				SDKROOT = iphoneos;
				VALIDATE_PRODUCT = YES;
			};
			name = Release;
		};
		E979EC662542B99700A2260F /* Debug */ = {
			isa = XCBuildConfiguration;
			buildSettings = {
				ASSETCATALOG_COMPILER_APPICON_NAME = AppIcon;
				ASSETCATALOG_COMPILER_GLOBAL_ACCENT_COLOR_NAME = AccentColor;
				CODE_SIGN_STYLE = Automatic;
				INFOPLIST_FILE = "Arithmetic_C语言/Info.plist";
				LD_RUNPATH_SEARCH_PATHS = (
					"$(inherited)",
					"@executable_path/Frameworks",
				);
				PRODUCT_BUNDLE_IDENTIFIER = "com.xiejiapei.Arithmetic-C--";
				PRODUCT_NAME = "$(TARGET_NAME)";
				TARGETED_DEVICE_FAMILY = "1,2";
			};
			name = Debug;
		};
		E979EC672542B99700A2260F /* Release */ = {
			isa = XCBuildConfiguration;
			buildSettings = {
				ASSETCATALOG_COMPILER_APPICON_NAME = AppIcon;
				ASSETCATALOG_COMPILER_GLOBAL_ACCENT_COLOR_NAME = AccentColor;
				CODE_SIGN_STYLE = Automatic;
				INFOPLIST_FILE = "Arithmetic_C语言/Info.plist";
				LD_RUNPATH_SEARCH_PATHS = (
					"$(inherited)",
					"@executable_path/Frameworks",
				);
				PRODUCT_BUNDLE_IDENTIFIER = "com.xiejiapei.Arithmetic-C--";
				PRODUCT_NAME = "$(TARGET_NAME)";
				TARGETED_DEVICE_FAMILY = "1,2";
			};
			name = Release;
		};
/* End XCBuildConfiguration section */

/* Begin XCConfigurationList section */
		E979EC472542B99600A2260F /* Build configuration list for PBXProject "Arithmetic_C语言" */ = {
			isa = XCConfigurationList;
			buildConfigurations = (
				E979EC632542B99700A2260F /* Debug */,
				E979EC642542B99700A2260F /* Release */,
			);
			defaultConfigurationIsVisible = 0;
			defaultConfigurationName = Release;
		};
		E979EC652542B99700A2260F /* Build configuration list for PBXNativeTarget "Arithmetic_C语言" */ = {
			isa = XCConfigurationList;
			buildConfigurations = (
				E979EC662542B99700A2260F /* Debug */,
				E979EC672542B99700A2260F /* Release */,
			);
			defaultConfigurationIsVisible = 0;
			defaultConfigurationName = Release;
		};
/* End XCConfigurationList section */
	};
	rootObject = E979EC442542B99600A2260F /* Project object */;
}
